
Microsoft Visual Studio Solution File, Format Version 12.00
# Visual Studio Version 17
VisualStudioVersion = 17.4.33213.308
MinimumVisualStudioVersion = 10.0.40219.1
Project("{FAE04EC0-301F-11D3-BF4B-00C04F79EFBC}") = "ASCIIArtCreatorDotNetFramework", "ASCIIArtCreatorDotNetFramework\ASCIIArtCreatorDotNetFramework.csproj", "{E461DB30-8AC1-4828-A587-F37FC97BD4EE}"
EndProject
Project("{FAE04EC0-301F-11D3-BF4B-00C04F79EFBC}") = "ASCIIArtCreatorDotNet", "ASCIIArtCreatorDotNet\ASCIIArtCreatorDotNet.csproj", "{9E555739-0B1E-4E5F-B991-5999C173BDFF}"
EndProject
Global
	GlobalSection(SolutionConfigurationPlatforms) = preSolution
		Debug|Any CPU = Debug|Any CPU
		Release|Any CPU = Release|Any CPU
	EndGlobalSection
	GlobalSection(ProjectConfigurationPlatforms) = postSolution
		{E461DB30-8AC1-4828-A587-F37FC97BD4EE}.Debug|Any CPU.ActiveCfg = Debug|Any CPU
		{E461DB30-8AC1-4828-A587-F37FC97BD4EE}.Debug|Any CPU.Build.0 = Debug|Any CPU
		{E461DB30-8AC1-4828-A587-F37FC97BD4EE}.Release|Any CPU.ActiveCfg = Release|Any CPU
		{E461DB30-8AC1-4828-A587-F37FC97BD4EE}.Release|Any CPU.Build.0 = Release|Any CPU
		{9E555739-0B1E-4E5F-B991-5999C173BDFF}.Debug|Any CPU.ActiveCfg = Debug|Any CPU
		{9E555739-0B1E-4E5F-B991-5999C173BDFF}.Debug|Any CPU.Build.0 = Debug|Any CPU
		{9E555739-0B1E-4E5F-B991-5999C173BDFF}.Release|Any CPU.ActiveCfg = Release|Any CPU
		{9E555739-0B1E-4E5F-B991-5999C173BDFF}.Release|Any CPU.Build.0 = Release|Any CPU
	EndGlobalSection
	GlobalSection(SolutionProperties) = preSolution
		HideSolutionNode = FALSE
	EndGlobalSection
	GlobalSection(ExtensibilityGlobals) = postSolution
		SolutionGuid = {E9B8F773-0852-474A-AEA3-D2395BAE35E9}
	EndGlobalSection
EndGlobal
